
Microsoft Visual Studio Solution File, Format Version 12.00
# Visual Studio Version 16
VisualStudioVersion = 25.0.1706.4
MinimumVisualStudioVersion = 10.0.40219.1
Project("{FAE04EC0-301F-11D3-BF4B-00C04F79EFBC}") = "Backend", "Backend\Backend.csproj", "{D262D14F-F426-47EC-9BFD-5C4A8DF0575B}"
EndProject
Global
	GlobalSection(SolutionConfigurationPlatforms) = preSolution
		Debug|Any CPU = Debug|Any CPU
		Release|Any CPU = Release|Any CPU
	EndGlobalSection
	GlobalSection(ProjectConfigurationPlatforms) = postSolution
		{D262D14F-F426-47EC-9BFD-5C4A8DF0575B}.Debug|Any CPU.ActiveCfg = Debug|Any CPU
		{D262D14F-F426-47EC-9BFD-5C4A8DF0575B}.Debug|Any CPU.Build.0 = Debug|Any CPU
		{D262D14F-F426-47EC-9BFD-5C4A8DF0575B}.Release|Any CPU.ActiveCfg = Release|Any CPU
		{D262D14F-F426-47EC-9BFD-5C4A8DF0575B}.Release|Any CPU.Build.0 = Release|Any CPU
	EndGlobalSection
	GlobalSection(SolutionProperties) = preSolution
		HideSolutionNode = FALSE
	EndGlobalSection
	GlobalSection(ExtensibilityGlobals) = postSolution
		SolutionGuid = {C276D540-8FB7-445E-AF90-4557B8F2A1BD}
	EndGlobalSection
EndGlobal
